{"version":4,"terraform_version":"1.8.6","serial":30,"lineage":"0aa5e6fa-2ee2-673a-5784-ff1817d4bb5c","outputs":{},"resources":[{"mode":"data","type":"coder_workspace","name":"env","provider":"provider[\"registry.opentofu.org/coder/coder\"]","instances":[{"schema_version":0,"attributes":{"access_port":443,"access_url":"https://mydeployment.coder.com","id":"71f79726-ea73-445c-bad8-9cbba9984210","name":"default","owner":"default","owner_email":"default@example.com","owner_groups":[],"owner_id":"00000000-0000-0000-0000-000000000000","owner_name":"default","owner_oidc_access_token":"","owner_session_token":"","start_count":1,"template_id":"","template_name":"","template_version":"","transition":"start"},"sensitive_attributes":[]}]},{"mode":"data","type":"coder_workspace_owner","name":"me","provider":"provider[\"registry.opentofu.org/coder/coder\"]","instances":[{"schema_version":0,"attributes":{"email":"default@example.com","full_name":"default","groups":[],"id":"26d4218e-8dd6-4079-918b-9dd5a8cd2df6","name":"default","oidc_access_token":"","session_token":"","ssh_private_key":"","ssh_public_key":""},"sensitive_attributes":[]}]},{"mode":"data","type":"harvester_image","name":"os_image","provider":"provider[\"registry.opentofu.org/harvester/harvester\"]","instances":[{"schema_version":0,"attributes":{"description":"Ubuntu Minimal 24.04 LTS (Noble Numbat) release [20241121]","display_name":"Ubuntu Minimal 24.04 LTS","id":"dreamlab/image-p2tvp","message":"","name":"image-p2tvp","namespace":"dreamlab","progress":100,"pvc_name":"","pvc_namespace":"","size":240517120,"source_type":"download","state":"Active","storage_class_name":"harvester-longhorn","storage_class_parameters":{"migratable":"true","numberOfReplicas":"3","staleReplicaTimeout":"30"},"tags":{},"url":"https://cloud-images.ubuntu.com/minimal/releases/noble/release/ubuntu-24.04-minimal-cloudimg-amd64.img","volume_storage_class_name":"longhorn-image-p2tvp"},"sensitive_attributes":[]}]},{"mode":"managed","type":"coder_agent","name":"dev","provider":"provider[\"registry.opentofu.org/coder/coder\"]","instances":[{"index_key":0,"schema_version":1,"attributes":{"arch":"amd64","auth":"token","connection_timeout":120,"dir":null,"display_apps":[{"port_forwarding_helper":true,"ssh_helper":true,"vscode":true,"vscode_insiders":false,"web_terminal":true}],"env":null,"id":"a926a1a4-f9a7-457e-86da-b800fbfad415","init_script":"","login_before_ready":true,"metadata":[{"display_name":"CPU Usage","interval":5,"key":"cpu","order":0,"script":"coder stat cpu","timeout":5},{"display_name":"Memory Usage","interval":5,"key":"memory","order":0,"script":"coder stat mem","timeout":5},{"display_name":"Disk Usage","interval":600,"key":"disk","order":0,"script":"coder stat disk --path $HOME","timeout":30}],"motd_file":null,"order":null,"os":"linux","shutdown_script":null,"shutdown_script_timeout":300,"startup_script":"set -e\n# install and start code-server\ncurl -fsSL https://code-server.dev/install.sh | sh -s -- --method=standalone --prefix=/tmp/code-server --version 4.11.0\n/tmp/code-server/bin/code-server --auth none --port 13337 \u003e/tmp/code-server.log 2\u003e\u00261 \u0026\n","startup_script_behavior":null,"startup_script_timeout":300,"token":"744061e1-8c1f-4602-8914-51467089c41c","troubleshooting_url":null},"sensitive_attributes":[[{"type":"get_attr","value":"token"}]],"private":"eyJzY2hlbWFfdmVyc2lvbiI6IjEifQ==","dependencies":["data.coder_workspace.env"]}]},{"mode":"managed","type":"coder_app","name":"code-server","provider":"provider[\"registry.opentofu.org/coder/coder\"]","instances":[{"index_key":0,"schema_version":1,"attributes":{"agent_id":"a926a1a4-f9a7-457e-86da-b800fbfad415","command":null,"display_name":"code-server","external":false,"healthcheck":[{"interval":3,"threshold":10,"url":"http://localhost:13337/healthz"}],"hidden":false,"icon":"/icon/code.svg","id":"8a95b19f-3571-47c3-8f6b-184520f1c966","name":null,"order":null,"relative_path":null,"share":"owner","slug":"code-server","subdomain":false,"url":"http://localhost:13337/?folder=/home/coder"},"sensitive_attributes":[],"private":"eyJzY2hlbWFfdmVyc2lvbiI6IjEifQ==","dependencies":["coder_agent.dev","data.coder_workspace.env"]}]},{"mode":"managed","type":"harvester_ssh_key","name":"key","provider":"provider[\"registry.opentofu.org/harvester/harvester\"]","instances":[{"schema_version":0,"attributes":{"description":"","fingerprint":"","id":"dreamlab/coder-default-default","message":null,"name":"coder-default-default","namespace":"dreamlab","public_key":"ssh-ed25519 AAAAC3NzaC1lZDI1NTE5AAAAIKJ1r1Y/1mC/oyWLxb7fdeRiri3ZtSirJZPkmwEzKpNO","state":"Not Validated","tags":null,"timeouts":null},"sensitive_attributes":[],"private":"eyJlMmJmYjczMC1lY2FhLTExZTYtOGY4OC0zNDM2M2JjN2M0YzAiOnsiY3JlYXRlIjoxMjAwMDAwMDAwMDAsImRlZmF1bHQiOjEyMDAwMDAwMDAwMCwiZGVsZXRlIjoxMjAwMDAwMDAwMDAsInJlYWQiOjEyMDAwMDAwMDAwMCwidXBkYXRlIjoxMjAwMDAwMDAwMDB9fQ==","dependencies":["data.coder_workspace.env","data.coder_workspace_owner.me"]}]},{"mode":"managed","type":"harvester_virtualmachine","name":"dream01","provider":"provider[\"registry.opentofu.org/harvester/harvester\"]","instances":[{"schema_version":0,"attributes":{"cloudinit":[{"network_data":"","network_data_base64":"","network_data_secret_name":"","type":"noCloud","user_data":"#cloud-config\npackage_update: true\npackages:\n  - qemu-guest-agent\nhostname: default\nusers:\n  - default\n  - name: coder\n    sudo: ALL=(ALL) NOPASSWD:ALL\n    shell: /bin/bash\n    ssh_authorized_keys:\n      - ssh-ed25519 AAAAC3NzaC1lZDI1NTE5AAAAIKJ1r1Y/1mC/oyWLxb7fdeRiri3ZtSirJZPkmwEzKpNO\n\nssh_authorized_keys:\n - ssh-ed25519 AAAAC3NzaC1lZDI1NTE5AAAAIKJ1r1Y/1mC/oyWLxb7fdeRiri3ZtSirJZPkmwEzKpNO\n\nwrite_files:\n- encoding: b64\n  content: IyEvYmluL2Jhc2gKc3VkbyAtdSAnY29kZXInIHNoIC1jICdleHBvcnQgQ09ERVJfQUdFTlRfVE9LRU49NzQ0MDYxZTEtOGMxZi00NjAyLTg5MTQtNTE0NjcwODljNDFjICYmICc=\n  owner: root:root\n  path: /root/startup.sh\n  permissions: '0644'\n\n  runcmd:\n  - systemctl enable --now qemu-guest-agent.service\n  - sh /root/startup.sh","user_data_base64":"","user_data_secret_name":""}],"cpu":4,"description":"test machine","disk":[{"access_mode":"ReadWriteMany","auto_delete":true,"boot_order":1,"bus":"virtio","container_image_name":"","existing_volume_name":"","hot_plug":false,"image":"dreamlab/image-p2tvp","name":"rootdisk","size":"25Gi","storage_class_name":"longhorn-image-p2tvp","type":"disk","volume_mode":"Block","volume_name":"coder-default-default-rootdisk-q9vwh"}],"efi":false,"hostname":"","id":"dreamlab/coder-default-default","input":[],"machine_type":"q35","memory":"8Gi","message":null,"name":"coder-default-default","namespace":"dreamlab","network_interface":[{"interface_name":"","ip_address":"","mac_address":"0a:cb:60:25:39:e4","model":"virtio","name":"default","network_name":"default/2176","type":"bridge","wait_for_lease":false}],"node_name":"kube16","reserved_memory":"","restart_after_update":true,"run_strategy":"RerunOnFailure","secure_boot":false,"ssh_keys":["dreamlab/coder-default-default"],"start":null,"state":"Ready","tags":null,"timeouts":null,"tpm":[]},"sensitive_attributes":[[{"type":"get_attr","value":"cloudinit"},{"type":"index","value":{"value":0,"type":"number"}},{"type":"get_attr","value":"user_data"}]],"private":"eyJlMmJmYjczMC1lY2FhLTExZTYtOGY4OC0zNDM2M2JjN2M0YzAiOnsiY3JlYXRlIjoxMjAwMDAwMDAwMDAsImRlZmF1bHQiOjEyMDAwMDAwMDAwMCwiZGVsZXRlIjozMDAwMDAwMDAwMDAsInJlYWQiOjEyMDAwMDAwMDAwMCwidXBkYXRlIjoxMjAwMDAwMDAwMDB9fQ==","dependencies":["coder_agent.dev","data.coder_workspace.env","data.coder_workspace_owner.me","data.harvester_image.os_image","harvester_ssh_key.key"]}]}],"check_results":null}
