{"version":4,"terraform_version":"1.8.6","serial":27,"lineage":"0aa5e6fa-2ee2-673a-5784-ff1817d4bb5c","outputs":{},"resources":[{"mode":"data","type":"harvester_image","name":"os_image","provider":"provider[\"registry.opentofu.org/harvester/harvester\"]","instances":[{"schema_version":0,"attributes":{"description":"Ubuntu Minimal 24.04 LTS (Noble Numbat) release [20241121]","display_name":"Ubuntu Minimal 24.04 LTS","id":"dreamlab/image-p2tvp","message":"","name":"image-p2tvp","namespace":"dreamlab","progress":100,"pvc_name":"","pvc_namespace":"","size":240517120,"source_type":"download","state":"Active","storage_class_name":"harvester-longhorn","storage_class_parameters":{"migratable":"true","numberOfReplicas":"3","staleReplicaTimeout":"30"},"tags":{},"url":"https://cloud-images.ubuntu.com/minimal/releases/noble/release/ubuntu-24.04-minimal-cloudimg-amd64.img","volume_storage_class_name":"longhorn-image-p2tvp"},"sensitive_attributes":[]}]},{"mode":"managed","type":"harvester_ssh_key","name":"key","provider":"provider[\"registry.opentofu.org/harvester/harvester\"]","instances":[{"schema_version":0,"attributes":{"description":"","fingerprint":"59:e1:c8:40:53:7f:73:66:7a:75:e0:48:ef:fc:17:28","id":"dreamlab/test-key","message":null,"name":"test-key","namespace":"dreamlab","public_key":"ssh-ed25519 AAAAC3NzaC1lZDI1NTE5AAAAIKJ1r1Y/1mC/oyWLxb7fdeRiri3ZtSirJZPkmwEzKpNO","state":"Validated","tags":{},"timeouts":null},"sensitive_attributes":[],"private":"bnVsbA=="}]},{"mode":"managed","type":"harvester_virtualmachine","name":"dream01","provider":"provider[\"registry.opentofu.org/harvester/harvester\"]","instances":[{"schema_version":0,"attributes":{"cloudinit":[{"network_data":"","network_data_base64":"","network_data_secret_name":"","type":"noCloud","user_data":"#cloud-config\npackage_update: true\npackages:\n  - qemu-guest-agent\nruncmd:\n  - systemctl enable --now qemu-guest-agent.service\n  - sh /root/startup.sh\nssh_authorized_keys:\n  - ssh-ed25519 AAAAC3NzaC1lZDI1NTE5AAAAIKJ1r1Y/1mC/oyWLxb7fdeRiri3ZtSirJZPkmwEzKpNO\nwrite_files:\n- encoding: b64\n  content: IyEvYmluL2Jhc2gKCiMgcGFja2FnZXMgd2UgbmVlZAphcHQtZ2V0IHVwZGF0ZQphcHQtZ2V0IGluc3RhbGwgLXkganEKCiMgSW5zdGFsbCBEb2NrZXIKaWYgISBjb21tYW5kIC12IGRvY2tlciAmPiAvZGV2L251bGw7IHRoZW4KICAgIGVjaG8gIkRvY2tlciBub3QgZm91bmQsIGluc3RhbGxpbmcuLi4iCiAgICBjdXJsIC1mc1NMIGh0dHBzOi8vZ2V0LmRvY2tlci5jb20gLW8gZ2V0LWRvY2tlci5zaCAmJiBzaCBnZXQtZG9ja2VyLnNoIDI+JjEgPi9kZXYvbnVsbAogICAgdXNlcm1vZCAtYUcgZG9ja2VyIHVidW50dQogICAgbmV3Z3JwIGRvY2tlcgplbHNlCiAgICBlY2hvICJEb2NrZXIgaXMgYWxyZWFkeSBpbnN0YWxsZWQuIgpmaQp0b3VjaCBoZXJl\n  owner: root:root\n  path: /root/startup.sh\n  permissions: '0644'","user_data_base64":"","user_data_secret_name":""}],"cpu":4,"description":"test machine","disk":[{"access_mode":"ReadWriteMany","auto_delete":true,"boot_order":1,"bus":"virtio","container_image_name":"","existing_volume_name":"","hot_plug":false,"image":"dreamlab/image-p2tvp","name":"rootdisk","size":"25Gi","storage_class_name":"longhorn-image-p2tvp","type":"disk","volume_mode":"Block","volume_name":"dream01-rootdisk-d5zv7"}],"efi":false,"hostname":"","id":"dreamlab/dream01","input":[],"machine_type":"q35","memory":"8Gi","message":null,"name":"dream01","namespace":"dreamlab","network_interface":[{"interface_name":"","ip_address":"","mac_address":"2e:1d:56:f5:5e:60","model":"virtio","name":"default","network_name":"default/2176","type":"bridge","wait_for_lease":false}],"node_name":"kube16","reserved_memory":"","restart_after_update":true,"run_strategy":"RerunOnFailure","secure_boot":false,"ssh_keys":["dreamlab/test-key"],"start":null,"state":"Ready","tags":null,"timeouts":null,"tpm":[]},"sensitive_attributes":[],"private":"eyJlMmJmYjczMC1lY2FhLTExZTYtOGY4OC0zNDM2M2JjN2M0YzAiOnsiY3JlYXRlIjoxMjAwMDAwMDAwMDAsImRlZmF1bHQiOjEyMDAwMDAwMDAwMCwiZGVsZXRlIjozMDAwMDAwMDAwMDAsInJlYWQiOjEyMDAwMDAwMDAwMCwidXBkYXRlIjoxMjAwMDAwMDAwMDB9fQ==","dependencies":["data.harvester_image.os_image","harvester_ssh_key.key"]}]}],"check_results":null}
